Microsoft Visual Studio Solution File, Format Version 12.00
# Visual Studio Version 17
VisualStudioVersion = 17.3.32929.385
MinimumVisualStudioVersion = 10.0.40219.1
Project("{9A19103F-16F7-4668-BE54-9A1E7A4F7556}") = "Tips", "Tips\Tips.csproj", "{DF1E6100-4464-4337-90E9-94483B1D6431}"
EndProject
Project("{9A19103F-16F7-4668-BE54-9A1E7A4F7556}") = "Contracts", "Contracts\Contracts.csproj", "{7A8EAF90-9F0C-45D1-9325-34DA5507F65E}"
EndProject
Project("{9A19103F-16F7-4668-BE54-9A1E7A4F7556}") = "LoggerService", "LoggerService\LoggerService.csproj", "{09269CA7-F634-401C-8D58-17CF76DC975D}"
EndProject
Project("{9A19103F-16F7-4668-BE54-9A1E7A4F7556}") = "Entities", "CommonModels\Entities.csproj", "{52D8FFA1-71DE-4361-BC47-AAA4C4E2079B}"
EndProject
Project("{9A19103F-16F7-4668-BE54-9A1E7A4F7556}") = "Tips.Master.Api", "Tips.Master.Api\Tips.Master.Api.csproj", "{AB593A47-0711-4033-B762-7DB0C3BD1724}"
EndProject
Project("{9A19103F-16F7-4668-BE54-9A1E7A4F7556}") = "Repository", "Repository\Repository.csproj", "{32BFF2C8-596A-484B-89C8-EF69BA966A48}"
EndProject
Project("{2150E333-8FDC-42A3-9474-1A3956D46DE8}") = "internal_logs", "internal_logs", "{39158EC8-2171-4B5B-9ED5-B5F5A0D13F01}"
EndProject
Project("{2150E333-8FDC-42A3-9474-1A3956D46DE8}") = "logs", "logs", "{56FE6334-38C5-435D-8A6D-6C5DF44ADFF9}"
EndProject
Project("{9A19103F-16F7-4668-BE54-9A1E7A4F7556}") = "Tips.SalesService.Api", "Tips.SalesService.Api\Tips.SalesService.Api.csproj", "{74CB0719-C88A-470F-9A8D-CE3312567C1C}"
EndProject
Project("{9A19103F-16F7-4668-BE54-9A1E7A4F7556}") = "TipsMaster.Api.Test", "TipsMaster.Api.Test\TipsMaster.Api.Test.csproj", "{FC6A6BC3-9878-4347-B842-E584F33C27BA}"
EndProject
Project("{9A19103F-16F7-4668-BE54-9A1E7A4F7556}") = "Tips.Purchase.Api", "Tips.Purchase.Api\Tips.Purchase.Api.csproj", "{4E78BBBC-7E74-4C15-8F5A-87D595E3D584}"
EndProject
Project("{9A19103F-16F7-4668-BE54-9A1E7A4F7556}") = "Tips.Grin.Api", "Tips.Grin.Api\Tips.Grin.Api.csproj", "{038B3495-FF1A-4934-AE75-BA0EA886EC59}"
EndProject

Project("{FAE04EC0-301F-11D3-BF4B-00C04F79EFBC}") = "Tips.Production.Api", "Tips.Production.Api\Tips.Production.Api.csproj", "{2B3767C6-DF74-42AF-B27D-BD7F48A3A489}"
Project("{FAE04EC0-301F-11D3-BF4B-00C04F79EFBC}") = "Tips.Warehouse.Api", "Tips.Warehouse.Api\Tips.Warehouse.Api.csproj", "{444F845C-D847-4C86-85DB-3A26BCB26DF1}"
Project("{FAE04EC0-301F-11D3-BF4B-00C04F79EFBC}") = "Tips.ApiGateway", "Tips.ApiGateway\Tips.ApiGateway.csproj", "{698FF070-2626-47E8-916E-55D0046C7F4D}"

EndProject
Global
	GlobalSection(SolutionConfigurationPlatforms) = preSolution
		Debug|Any CPU = Debug|Any CPU
		Release|Any CPU = Release|Any CPU
	EndGlobalSection
	GlobalSection(ProjectConfigurationPlatforms) = postSolution
		{DF1E6100-4464-4337-90E9-94483B1D6431}.Debug|Any CPU.ActiveCfg = Debug|Any CPU
		{DF1E6100-4464-4337-90E9-94483B1D6431}.Debug|Any CPU.Build.0 = Debug|Any CPU
		{DF1E6100-4464-4337-90E9-94483B1D6431}.Release|Any CPU.ActiveCfg = Release|Any CPU
		{DF1E6100-4464-4337-90E9-94483B1D6431}.Release|Any CPU.Build.0 = Release|Any CPU
		{7A8EAF90-9F0C-45D1-9325-34DA5507F65E}.Debug|Any CPU.ActiveCfg = Debug|Any CPU
		{7A8EAF90-9F0C-45D1-9325-34DA5507F65E}.Debug|Any CPU.Build.0 = Debug|Any CPU
		{7A8EAF90-9F0C-45D1-9325-34DA5507F65E}.Release|Any CPU.ActiveCfg = Release|Any CPU
		{7A8EAF90-9F0C-45D1-9325-34DA5507F65E}.Release|Any CPU.Build.0 = Release|Any CPU
		{09269CA7-F634-401C-8D58-17CF76DC975D}.Debug|Any CPU.ActiveCfg = Debug|Any CPU
		{09269CA7-F634-401C-8D58-17CF76DC975D}.Debug|Any CPU.Build.0 = Debug|Any CPU
		{09269CA7-F634-401C-8D58-17CF76DC975D}.Release|Any CPU.ActiveCfg = Release|Any CPU
		{09269CA7-F634-401C-8D58-17CF76DC975D}.Release|Any CPU.Build.0 = Release|Any CPU
		{52D8FFA1-71DE-4361-BC47-AAA4C4E2079B}.Debug|Any CPU.ActiveCfg = Debug|Any CPU
		{52D8FFA1-71DE-4361-BC47-AAA4C4E2079B}.Debug|Any CPU.Build.0 = Debug|Any CPU
		{52D8FFA1-71DE-4361-BC47-AAA4C4E2079B}.Release|Any CPU.ActiveCfg = Release|Any CPU
		{52D8FFA1-71DE-4361-BC47-AAA4C4E2079B}.Release|Any CPU.Build.0 = Release|Any CPU
		{AB593A47-0711-4033-B762-7DB0C3BD1724}.Debug|Any CPU.ActiveCfg = Debug|Any CPU
		{AB593A47-0711-4033-B762-7DB0C3BD1724}.Debug|Any CPU.Build.0 = Debug|Any CPU
		{AB593A47-0711-4033-B762-7DB0C3BD1724}.Release|Any CPU.ActiveCfg = Release|Any CPU
		{AB593A47-0711-4033-B762-7DB0C3BD1724}.Release|Any CPU.Build.0 = Release|Any CPU
		{32BFF2C8-596A-484B-89C8-EF69BA966A48}.Debug|Any CPU.ActiveCfg = Debug|Any CPU
		{32BFF2C8-596A-484B-89C8-EF69BA966A48}.Debug|Any CPU.Build.0 = Debug|Any CPU
		{32BFF2C8-596A-484B-89C8-EF69BA966A48}.Release|Any CPU.ActiveCfg = Release|Any CPU
		{32BFF2C8-596A-484B-89C8-EF69BA966A48}.Release|Any CPU.Build.0 = Release|Any CPU
		{74CB0719-C88A-470F-9A8D-CE3312567C1C}.Debug|Any CPU.ActiveCfg = Debug|Any CPU
		{74CB0719-C88A-470F-9A8D-CE3312567C1C}.Debug|Any CPU.Build.0 = Debug|Any CPU
		{74CB0719-C88A-470F-9A8D-CE3312567C1C}.Release|Any CPU.ActiveCfg = Release|Any CPU
		{74CB0719-C88A-470F-9A8D-CE3312567C1C}.Release|Any CPU.Build.0 = Release|Any CPU
		{FC6A6BC3-9878-4347-B842-E584F33C27BA}.Debug|Any CPU.ActiveCfg = Debug|Any CPU
		{FC6A6BC3-9878-4347-B842-E584F33C27BA}.Debug|Any CPU.Build.0 = Debug|Any CPU
		{FC6A6BC3-9878-4347-B842-E584F33C27BA}.Release|Any CPU.ActiveCfg = Release|Any CPU
		{FC6A6BC3-9878-4347-B842-E584F33C27BA}.Release|Any CPU.Build.0 = Release|Any CPU
		{4E78BBBC-7E74-4C15-8F5A-87D595E3D584}.Debug|Any CPU.ActiveCfg = Debug|Any CPU
		{4E78BBBC-7E74-4C15-8F5A-87D595E3D584}.Debug|Any CPU.Build.0 = Debug|Any CPU
		{4E78BBBC-7E74-4C15-8F5A-87D595E3D584}.Release|Any CPU.ActiveCfg = Release|Any CPU
		{4E78BBBC-7E74-4C15-8F5A-87D595E3D584}.Release|Any CPU.Build.0 = Release|Any CPU
		{038B3495-FF1A-4934-AE75-BA0EA886EC59}.Debug|Any CPU.ActiveCfg = Debug|Any CPU
		{038B3495-FF1A-4934-AE75-BA0EA886EC59}.Debug|Any CPU.Build.0 = Debug|Any CPU
		{038B3495-FF1A-4934-AE75-BA0EA886EC59}.Release|Any CPU.ActiveCfg = Release|Any CPU
		{038B3495-FF1A-4934-AE75-BA0EA886EC59}.Release|Any CPU.Build.0 = Release|Any CPU
		{2B3767C6-DF74-42AF-B27D-BD7F48A3A489}.Debug|Any CPU.ActiveCfg = Debug|Any CPU
		{2B3767C6-DF74-42AF-B27D-BD7F48A3A489}.Debug|Any CPU.Build.0 = Debug|Any CPU
		{2B3767C6-DF74-42AF-B27D-BD7F48A3A489}.Release|Any CPU.ActiveCfg = Release|Any CPU
		{2B3767C6-DF74-42AF-B27D-BD7F48A3A489}.Release|Any CPU.Build.0 = Release|Any CPU
		{444F845C-D847-4C86-85DB-3A26BCB26DF1}.Debug|Any CPU.ActiveCfg = Debug|Any CPU
		{444F845C-D847-4C86-85DB-3A26BCB26DF1}.Debug|Any CPU.Build.0 = Debug|Any CPU
		{444F845C-D847-4C86-85DB-3A26BCB26DF1}.Release|Any CPU.ActiveCfg = Release|Any CPU
		{444F845C-D847-4C86-85DB-3A26BCB26DF1}.Release|Any CPU.Build.0 = Release|Any CPU
		{698FF070-2626-47E8-916E-55D0046C7F4D}.Debug|Any CPU.ActiveCfg = Debug|Any CPU
		{698FF070-2626-47E8-916E-55D0046C7F4D}.Debug|Any CPU.Build.0 = Debug|Any CPU
		{698FF070-2626-47E8-916E-55D0046C7F4D}.Release|Any CPU.ActiveCfg = Release|Any CPU
		{698FF070-2626-47E8-916E-55D0046C7F4D}.Release|Any CPU.Build.0 = Release|Any CPU
  
	EndGlobalSection
	GlobalSection(SolutionProperties) = preSolution
		HideSolutionNode = FALSE
	EndGlobalSection
	GlobalSection(ExtensibilityGlobals) = postSolution
		SolutionGuid = {0674BA54-6968-4BF7-97B5-DD12A05A5557}
	EndGlobalSection
EndGlobal
